<?xml version="1.0" encoding="utf-8"?>
<Project ToolsVersion="4.0" xmlns="http://schemas.microsoft.com/developer/msbuild/2003">
  <ItemGroup>
    <ClInclude Include="address.h">
      <Filter>address</Filter>
    </ClInclude>
    <ClInclude Include="connection.h">
      <Filter>connection</Filter>
    </ClInclude>
    <ClInclude Include="courier.h">
      <Filter>courier</Filter>
    </ClInclude>
    <ClInclude Include="message_definitions.h">
      <Filter>message</Filter>
    </ClInclude>
    <ClInclude Include="message.h">
      <Filter>message</Filter>
    </ClInclude>
    <ClInclude Include="bound_check.h">
      <Filter>bound_check</Filter>
    </ClInclude>
    <ClInclude Include="raw_courier.h">
      <Filter>raw_courier</Filter>
    </ClInclude>
  </ItemGroup>
  <ItemGroup>
    <Filter Include="address">
      <UniqueIdentifier>{e05b22d9-adde-4fb9-aa4c-3cd250c53362}</UniqueIdentifier>
    </Filter>
    <Filter Include="connection">
      <UniqueIdentifier>{6c40bd9c-d8b8-4ca3-9ee8-1f4ab0e36675}</UniqueIdentifier>
    </Filter>
    <Filter Include="courier">
      <UniqueIdentifier>{f47d79cf-3964-4b72-82be-279d35b5f25f}</UniqueIdentifier>
    </Filter>
    <Filter Include="message">
      <UniqueIdentifier>{229640ea-1050-4456-8d9a-2d285a03c8d6}</UniqueIdentifier>
    </Filter>
    <Filter Include="bound_check">
      <UniqueIdentifier>{eff0a412-f0fd-4ead-b44e-f36e4cddf6e2}</UniqueIdentifier>
    </Filter>
    <Filter Include="raw_courier">
      <UniqueIdentifier>{1ec04efe-60e0-4d1e-834a-ca15bfcc5687}</UniqueIdentifier>
    </Filter>
  </ItemGroup>
</Project>